
Microsoft Visual Studio Solution File, Format Version 12.00
# Visual Studio Version 17
VisualStudioVersion = 17.9.34728.123
MinimumVisualStudioVersion = 10.0.40219.1
Project("{FAE04EC0-301F-11D3-BF4B-00C04F79EFBC}") = "P1C3.1", "P1C3.1.csproj", "{C89FA57A-21CA-49B0-9D9F-55DA5F28A7E4}"
EndProject
Project("{FAE04EC0-301F-11D3-BF4B-00C04F79EFBC}") = "P1C2.3", "..\P1C2.3\P1C2.3.csproj", "{1571BA65-2000-40E6-9F02-6BECC2846DB8}"
EndProject
Project("{FAE04EC0-301F-11D3-BF4B-00C04F79EFBC}") = "P1C2.2", "..\P1C2.2\P1C2.2.csproj", "{E341838C-5D8E-45FE-893D-5480EFD0A5BD}"
EndProject
Project("{FAE04EC0-301F-11D3-BF4B-00C04F79EFBC}") = "P1C2.1", "..\P1C2.1\P1C2.1.csproj", "{1D8AF836-3009-4749-B929-F9AEC69E3C01}"
EndProject
Project("{FAE04EC0-301F-11D3-BF4B-00C04F79EFBC}") = "P1C3.2", "..\P1C3.2\P1C3.2.csproj", "{70C80D5E-90E3-41BE-AE20-54C59E0B47F8}"
EndProject
Project("{FAE04EC0-301F-11D3-BF4B-00C04F79EFBC}") = "P1C4", "..\P1C4\P1C4.csproj", "{34B23B3E-EF41-4092-A1A7-4E80FE55503C}"
EndProject
Project("{FAE04EC0-301F-11D3-BF4B-00C04F79EFBC}") = "P1C5.1", "..\P1C5.1\P1C5.1.csproj", "{96D1E90F-8501-4F37-AF3E-B99936D7466C}"
EndProject
Project("{FAE04EC0-301F-11D3-BF4B-00C04F79EFBC}") = "P1C5.2", "..\P1C5.2\P1C5.2.csproj", "{88369A64-7E64-41D3-A25C-B8D92262F776}"
EndProject
Project("{FAE04EC0-301F-11D3-BF4B-00C04F79EFBC}") = "P1C5.3", "..\P1C5.3\P1C5.3.csproj", "{BA49C570-FEB6-4B92-8A95-63BA8D723DA9}"
EndProject
Project("{FAE04EC0-301F-11D3-BF4B-00C04F79EFBC}") = "P1C5.4", "..\P1C5.4\P1C5.4.csproj", "{65DDF3FE-509E-435D-A63A-6AD288D2643C}"
EndProject
Project("{FAE04EC0-301F-11D3-BF4B-00C04F79EFBC}") = "P1C6", "..\P1C6\P1C6.csproj", "{9A2F2FFE-84AC-4E40-BC8F-C5AC946110E1}"
EndProject
Global
	GlobalSection(SolutionConfigurationPlatforms) = preSolution
		Debug|Any CPU = Debug|Any CPU
		Release|Any CPU = Release|Any CPU
	EndGlobalSection
	GlobalSection(ProjectConfigurationPlatforms) = postSolution
		{C89FA57A-21CA-49B0-9D9F-55DA5F28A7E4}.Debug|Any CPU.ActiveCfg = Debug|Any CPU
		{C89FA57A-21CA-49B0-9D9F-55DA5F28A7E4}.Debug|Any CPU.Build.0 = Debug|Any CPU
		{C89FA57A-21CA-49B0-9D9F-55DA5F28A7E4}.Release|Any CPU.ActiveCfg = Release|Any CPU
		{C89FA57A-21CA-49B0-9D9F-55DA5F28A7E4}.Release|Any CPU.Build.0 = Release|Any CPU
		{1571BA65-2000-40E6-9F02-6BECC2846DB8}.Debug|Any CPU.ActiveCfg = Debug|Any CPU
		{1571BA65-2000-40E6-9F02-6BECC2846DB8}.Debug|Any CPU.Build.0 = Debug|Any CPU
		{1571BA65-2000-40E6-9F02-6BECC2846DB8}.Release|Any CPU.ActiveCfg = Release|Any CPU
		{1571BA65-2000-40E6-9F02-6BECC2846DB8}.Release|Any CPU.Build.0 = Release|Any CPU
		{E341838C-5D8E-45FE-893D-5480EFD0A5BD}.Debug|Any CPU.ActiveCfg = Debug|Any CPU
		{E341838C-5D8E-45FE-893D-5480EFD0A5BD}.Debug|Any CPU.Build.0 = Debug|Any CPU
		{E341838C-5D8E-45FE-893D-5480EFD0A5BD}.Release|Any CPU.ActiveCfg = Release|Any CPU
		{E341838C-5D8E-45FE-893D-5480EFD0A5BD}.Release|Any CPU.Build.0 = Release|Any CPU
		{1D8AF836-3009-4749-B929-F9AEC69E3C01}.Debug|Any CPU.ActiveCfg = Debug|Any CPU
		{1D8AF836-3009-4749-B929-F9AEC69E3C01}.Debug|Any CPU.Build.0 = Debug|Any CPU
		{1D8AF836-3009-4749-B929-F9AEC69E3C01}.Release|Any CPU.ActiveCfg = Release|Any CPU
		{1D8AF836-3009-4749-B929-F9AEC69E3C01}.Release|Any CPU.Build.0 = Release|Any CPU
		{70C80D5E-90E3-41BE-AE20-54C59E0B47F8}.Debug|Any CPU.ActiveCfg = Debug|Any CPU
		{70C80D5E-90E3-41BE-AE20-54C59E0B47F8}.Debug|Any CPU.Build.0 = Debug|Any CPU
		{70C80D5E-90E3-41BE-AE20-54C59E0B47F8}.Release|Any CPU.ActiveCfg = Release|Any CPU
		{70C80D5E-90E3-41BE-AE20-54C59E0B47F8}.Release|Any CPU.Build.0 = Release|Any CPU
		{34B23B3E-EF41-4092-A1A7-4E80FE55503C}.Debug|Any CPU.ActiveCfg = Debug|Any CPU
		{34B23B3E-EF41-4092-A1A7-4E80FE55503C}.Debug|Any CPU.Build.0 = Debug|Any CPU
		{34B23B3E-EF41-4092-A1A7-4E80FE55503C}.Release|Any CPU.ActiveCfg = Release|Any CPU
		{34B23B3E-EF41-4092-A1A7-4E80FE55503C}.Release|Any CPU.Build.0 = Release|Any CPU
		{96D1E90F-8501-4F37-AF3E-B99936D7466C}.Debug|Any CPU.ActiveCfg = Debug|Any CPU
		{96D1E90F-8501-4F37-AF3E-B99936D7466C}.Debug|Any CPU.Build.0 = Debug|Any CPU
		{96D1E90F-8501-4F37-AF3E-B99936D7466C}.Release|Any CPU.ActiveCfg = Release|Any CPU
		{96D1E90F-8501-4F37-AF3E-B99936D7466C}.Release|Any CPU.Build.0 = Release|Any CPU
		{88369A64-7E64-41D3-A25C-B8D92262F776}.Debug|Any CPU.ActiveCfg = Debug|Any CPU
		{88369A64-7E64-41D3-A25C-B8D92262F776}.Debug|Any CPU.Build.0 = Debug|Any CPU
		{88369A64-7E64-41D3-A25C-B8D92262F776}.Release|Any CPU.ActiveCfg = Release|Any CPU
		{88369A64-7E64-41D3-A25C-B8D92262F776}.Release|Any CPU.Build.0 = Release|Any CPU
		{BA49C570-FEB6-4B92-8A95-63BA8D723DA9}.Debug|Any CPU.ActiveCfg = Debug|Any CPU
		{BA49C570-FEB6-4B92-8A95-63BA8D723DA9}.Debug|Any CPU.Build.0 = Debug|Any CPU
		{BA49C570-FEB6-4B92-8A95-63BA8D723DA9}.Release|Any CPU.ActiveCfg = Release|Any CPU
		{BA49C570-FEB6-4B92-8A95-63BA8D723DA9}.Release|Any CPU.Build.0 = Release|Any CPU
		{65DDF3FE-509E-435D-A63A-6AD288D2643C}.Debug|Any CPU.ActiveCfg = Debug|Any CPU
		{65DDF3FE-509E-435D-A63A-6AD288D2643C}.Debug|Any CPU.Build.0 = Debug|Any CPU
		{65DDF3FE-509E-435D-A63A-6AD288D2643C}.Release|Any CPU.ActiveCfg = Release|Any CPU
		{65DDF3FE-509E-435D-A63A-6AD288D2643C}.Release|Any CPU.Build.0 = Release|Any CPU
		{9A2F2FFE-84AC-4E40-BC8F-C5AC946110E1}.Debug|Any CPU.ActiveCfg = Debug|Any CPU
		{9A2F2FFE-84AC-4E40-BC8F-C5AC946110E1}.Debug|Any CPU.Build.0 = Debug|Any CPU
		{9A2F2FFE-84AC-4E40-BC8F-C5AC946110E1}.Release|Any CPU.ActiveCfg = Release|Any CPU
		{9A2F2FFE-84AC-4E40-BC8F-C5AC946110E1}.Release|Any CPU.Build.0 = Release|Any CPU
	EndGlobalSection
	GlobalSection(SolutionProperties) = preSolution
		HideSolutionNode = FALSE
	EndGlobalSection
	GlobalSection(ExtensibilityGlobals) = postSolution
		SolutionGuid = {6F607CDC-7A72-432A-AB0D-3725BD133704}
	EndGlobalSection
EndGlobal
