
Microsoft Visual Studio Solution File, Format Version 12.00
# Visual Studio Version 17
VisualStudioVersion = 17.9.34728.123
MinimumVisualStudioVersion = 10.0.40219.1
Project("{FAE04EC0-301F-11D3-BF4B-00C04F79EFBC}") = "P2C1", "P2C1.csproj", "{414BB804-5DCF-4B32-9F23-823363DBEBFF}"
EndProject
Project("{FAE04EC0-301F-11D3-BF4B-00C04F79EFBC}") = "P2C2.1", "..\P2C2.1\P2C2.1.csproj", "{E6E3586E-4D49-476A-B053-38034723BA3C}"
EndProject
Project("{FAE04EC0-301F-11D3-BF4B-00C04F79EFBC}") = "P2C2.2", "..\P2C2.2\P2C2.2.csproj", "{F2E4E31F-BE7D-4A61-9BBA-488E9889C3AA}"
EndProject
Project("{FAE04EC0-301F-11D3-BF4B-00C04F79EFBC}") = "P2C3", "..\P2C3\P2C3.csproj", "{FC3B9D4D-E381-45DF-A2EF-54574D91809F}"
EndProject
Project("{FAE04EC0-301F-11D3-BF4B-00C04F79EFBC}") = "P2C4.1", "..\P2C4.1\P2C4.1.csproj", "{605DCAD0-BDE6-4BCF-A52A-CD5B452D6268}"
EndProject
Project("{FAE04EC0-301F-11D3-BF4B-00C04F79EFBC}") = "P2C4.2", "..\P2C4.2\P2C4.2.csproj", "{3D740E91-E066-42DF-8395-CD97771177E1}"
EndProject
Project("{FAE04EC0-301F-11D3-BF4B-00C04F79EFBC}") = "P2C4.3", "..\P2C4.3\P2C4.3.csproj", "{61D9C052-17B2-4781-9168-FF251161DFD3}"
EndProject
Project("{FAE04EC0-301F-11D3-BF4B-00C04F79EFBC}") = "P2C5.1", "..\P2C5.1\P2C5.1.csproj", "{1C036D60-A877-48AA-99C2-EACE0D024897}"
EndProject
Project("{FAE04EC0-301F-11D3-BF4B-00C04F79EFBC}") = "P2C5.2", "..\P2C5.2\P2C5.2.csproj", "{BABB6944-2BF2-411C-B497-92E53A9908F6}"
EndProject
Project("{FAE04EC0-301F-11D3-BF4B-00C04F79EFBC}") = "P2C5.3", "..\P2C5.3\P2C5.3.csproj", "{59462CAE-6D23-47E4-A1E7-DFF0A4B5A53D}"
EndProject
Global
	GlobalSection(SolutionConfigurationPlatforms) = preSolution
		Debug|Any CPU = Debug|Any CPU
		Release|Any CPU = Release|Any CPU
	EndGlobalSection
	GlobalSection(ProjectConfigurationPlatforms) = postSolution
		{414BB804-5DCF-4B32-9F23-823363DBEBFF}.Debug|Any CPU.ActiveCfg = Debug|Any CPU
		{414BB804-5DCF-4B32-9F23-823363DBEBFF}.Debug|Any CPU.Build.0 = Debug|Any CPU
		{414BB804-5DCF-4B32-9F23-823363DBEBFF}.Release|Any CPU.ActiveCfg = Release|Any CPU
		{414BB804-5DCF-4B32-9F23-823363DBEBFF}.Release|Any CPU.Build.0 = Release|Any CPU
		{E6E3586E-4D49-476A-B053-38034723BA3C}.Debug|Any CPU.ActiveCfg = Debug|Any CPU
		{E6E3586E-4D49-476A-B053-38034723BA3C}.Debug|Any CPU.Build.0 = Debug|Any CPU
		{E6E3586E-4D49-476A-B053-38034723BA3C}.Release|Any CPU.ActiveCfg = Release|Any CPU
		{E6E3586E-4D49-476A-B053-38034723BA3C}.Release|Any CPU.Build.0 = Release|Any CPU
		{F2E4E31F-BE7D-4A61-9BBA-488E9889C3AA}.Debug|Any CPU.ActiveCfg = Debug|Any CPU
		{F2E4E31F-BE7D-4A61-9BBA-488E9889C3AA}.Debug|Any CPU.Build.0 = Debug|Any CPU
		{F2E4E31F-BE7D-4A61-9BBA-488E9889C3AA}.Release|Any CPU.ActiveCfg = Release|Any CPU
		{F2E4E31F-BE7D-4A61-9BBA-488E9889C3AA}.Release|Any CPU.Build.0 = Release|Any CPU
		{FC3B9D4D-E381-45DF-A2EF-54574D91809F}.Debug|Any CPU.ActiveCfg = Debug|Any CPU
		{FC3B9D4D-E381-45DF-A2EF-54574D91809F}.Debug|Any CPU.Build.0 = Debug|Any CPU
		{FC3B9D4D-E381-45DF-A2EF-54574D91809F}.Release|Any CPU.ActiveCfg = Release|Any CPU
		{FC3B9D4D-E381-45DF-A2EF-54574D91809F}.Release|Any CPU.Build.0 = Release|Any CPU
		{605DCAD0-BDE6-4BCF-A52A-CD5B452D6268}.Debug|Any CPU.ActiveCfg = Debug|Any CPU
		{605DCAD0-BDE6-4BCF-A52A-CD5B452D6268}.Debug|Any CPU.Build.0 = Debug|Any CPU
		{605DCAD0-BDE6-4BCF-A52A-CD5B452D6268}.Release|Any CPU.ActiveCfg = Release|Any CPU
		{605DCAD0-BDE6-4BCF-A52A-CD5B452D6268}.Release|Any CPU.Build.0 = Release|Any CPU
		{3D740E91-E066-42DF-8395-CD97771177E1}.Debug|Any CPU.ActiveCfg = Debug|Any CPU
		{3D740E91-E066-42DF-8395-CD97771177E1}.Debug|Any CPU.Build.0 = Debug|Any CPU
		{3D740E91-E066-42DF-8395-CD97771177E1}.Release|Any CPU.ActiveCfg = Release|Any CPU
		{3D740E91-E066-42DF-8395-CD97771177E1}.Release|Any CPU.Build.0 = Release|Any CPU
		{61D9C052-17B2-4781-9168-FF251161DFD3}.Debug|Any CPU.ActiveCfg = Debug|Any CPU
		{61D9C052-17B2-4781-9168-FF251161DFD3}.Debug|Any CPU.Build.0 = Debug|Any CPU
		{61D9C052-17B2-4781-9168-FF251161DFD3}.Release|Any CPU.ActiveCfg = Release|Any CPU
		{61D9C052-17B2-4781-9168-FF251161DFD3}.Release|Any CPU.Build.0 = Release|Any CPU
		{1C036D60-A877-48AA-99C2-EACE0D024897}.Debug|Any CPU.ActiveCfg = Debug|Any CPU
		{1C036D60-A877-48AA-99C2-EACE0D024897}.Debug|Any CPU.Build.0 = Debug|Any CPU
		{1C036D60-A877-48AA-99C2-EACE0D024897}.Release|Any CPU.ActiveCfg = Release|Any CPU
		{1C036D60-A877-48AA-99C2-EACE0D024897}.Release|Any CPU.Build.0 = Release|Any CPU
		{BABB6944-2BF2-411C-B497-92E53A9908F6}.Debug|Any CPU.ActiveCfg = Debug|Any CPU
		{BABB6944-2BF2-411C-B497-92E53A9908F6}.Debug|Any CPU.Build.0 = Debug|Any CPU
		{BABB6944-2BF2-411C-B497-92E53A9908F6}.Release|Any CPU.ActiveCfg = Release|Any CPU
		{BABB6944-2BF2-411C-B497-92E53A9908F6}.Release|Any CPU.Build.0 = Release|Any CPU
		{59462CAE-6D23-47E4-A1E7-DFF0A4B5A53D}.Debug|Any CPU.ActiveCfg = Debug|Any CPU
		{59462CAE-6D23-47E4-A1E7-DFF0A4B5A53D}.Debug|Any CPU.Build.0 = Debug|Any CPU
		{59462CAE-6D23-47E4-A1E7-DFF0A4B5A53D}.Release|Any CPU.ActiveCfg = Release|Any CPU
		{59462CAE-6D23-47E4-A1E7-DFF0A4B5A53D}.Release|Any CPU.Build.0 = Release|Any CPU
	EndGlobalSection
	GlobalSection(SolutionProperties) = preSolution
		HideSolutionNode = FALSE
	EndGlobalSection
	GlobalSection(ExtensibilityGlobals) = postSolution
		SolutionGuid = {4A9BE40A-5BE8-4C87-8B66-935DB77C3F4E}
	EndGlobalSection
EndGlobal
